{
  "name": "11p21d",
  "version": "1.0.0",
  "lockfileVersion": 3,
  "requires": true,
  "packages": {
    "": {
      "name": "11p21d",
      "version": "1.0.0",
      "license": "ISC",
      "dependencies": {
        "moment": "2.30.1",
        "prywatny1": "file:e5f6c878-2aed-4b28-9a65-695d2edc2464produkt1-1.0.0.tar.gz"
      }
    },
    "node_modules/moment": {
      "version": "2.30.1",
      "resolved": "file:6be63808-e79f-4f48-a434-6713a2e588162.31.0.tar.gz",
      "integrity": "sha512-/v9nDWW1R6hs8mHgmoZSP44QD7JkXXDTvMV7CEATNLR1aw57p3YC+cvkeKsJsBlknvepaeEYh1UoIlwaUIM1xg==",
      "license": "MIT",
      "engines": {
        "node": "*"
      }
    },
    "node_modules/prywatny1": {
      "version": "1.0.0",
      "resolved": "file:e5f6c878-2aed-4b28-9a65-695d2edc2464produkt1-1.0.0.tar.gz",
      "integrity": "sha512-32RTnbCABU3zUIiL8YJHHIzrow4/yuQ1SFdxmdG7vpIlJDvAtS+Ua0JZZeO+MtgJ+pZY31iqg9gG18jUORIGqA=="
    }
  }
}
